// !$*UTF8*$!
{
	archiveVersion = 1;
	classes = {
	};
	objectVersion = 55;
	objects = {

/* Begin PBXBuildFile section */
		BD31278F2887221A009988A8 /* SleepHome.swift in Sources */ = {isa = PBXBuildFile; fileRef = BD31278E2887221A009988A8 /* SleepHome.swift */; };
		BD31279128872257009988A8 /* Diet.swift in Sources */ = {isa = PBXBuildFile; fileRef = BD31279028872257009988A8 /* Diet.swift */; };
		BD312793288726CE009988A8 /* Sleep1.swift in Sources */ = {isa = PBXBuildFile; fileRef = BD312792288726CE009988A8 /* Sleep1.swift */; };
		BD31279528872B68009988A8 /* Sleep2.swift in Sources */ = {isa = PBXBuildFile; fileRef = BD31279428872B68009988A8 /* Sleep2.swift */; };
		BD31279728872B7F009988A8 /* Sleep3.swift in Sources */ = {isa = PBXBuildFile; fileRef = BD31279628872B7F009988A8 /* Sleep3.swift */; };
		BD699EC22885DFDC00F8181A /* AppDelegate.swift in Sources */ = {isa = PBXBuildFile; fileRef = BD699EC12885DFDC00F8181A /* AppDelegate.swift */; };
		BD699EC42885DFDC00F8181A /* SceneDelegate.swift in Sources */ = {isa = PBXBuildFile; fileRef = BD699EC32885DFDC00F8181A /* SceneDelegate.swift */; };
		BD699EC62885DFDC00F8181A /* HomePage.swift in Sources */ = {isa = PBXBuildFile; fileRef = BD699EC52885DFDC00F8181A /* HomePage.swift */; };
		BD699EC92885DFDC00F8181A /* Main.storyboard in Resources */ = {isa = PBXBuildFile; fileRef = BD699EC72885DFDC00F8181A /* Main.storyboard */; };
		BD699ECC2885DFDC00F8181A /* YOUdemonia.xcdatamodeld in Sources */ = {isa = PBXBuildFile; fileRef = BD699ECA2885DFDC00F8181A /* YOUdemonia.xcdatamodeld */; };
		BD699ECE2885DFDE00F8181A /* Assets.xcassets in Resources */ = {isa = PBXBuildFile; fileRef = BD699ECD2885DFDE00F8181A /* Assets.xcassets */; };
		BD699ED12885DFDE00F8181A /* LaunchScreen.storyboard in Resources */ = {isa = PBXBuildFile; fileRef = BD699ECF2885DFDE00F8181A /* LaunchScreen.storyboard */; };
		BD699ED92885E0B600F8181A /* Launch Screen.storyboard in Resources */ = {isa = PBXBuildFile; fileRef = BD699ED82885E0B600F8181A /* Launch Screen.storyboard */; };
		BD699EFF2887318100F8181A /* Diet2 Scene.swift in Sources */ = {isa = PBXBuildFile; fileRef = BD699EFE2887318100F8181A /* Diet2 Scene.swift */; };
		BD6AA8932889AF72005E6B40 /* dietQuestionOne.swift in Sources */ = {isa = PBXBuildFile; fileRef = BD6AA8922889AF72005E6B40 /* dietQuestionOne.swift */; };
		BD6AA8952889BECB005E6B40 /* dietMaleAge.swift in Sources */ = {isa = PBXBuildFile; fileRef = BD6AA8942889BECB005E6B40 /* dietMaleAge.swift */; };
		BD6AA8972889BF4B005E6B40 /* dietFemaleAge.swift in Sources */ = {isa = PBXBuildFile; fileRef = BD6AA8962889BF4B005E6B40 /* dietFemaleAge.swift */; };
		BD6AA8992889C095005E6B40 /* dietFemaleNineToThirteen.swift in Sources */ = {isa = PBXBuildFile; fileRef = BD6AA8982889C095005E6B40 /* dietFemaleNineToThirteen.swift */; };
		BD6AA89B2889C161005E6B40 /* dietSummaryFemaleNineToThirteen.swift in Sources */ = {isa = PBXBuildFile; fileRef = BD6AA89A2889C161005E6B40 /* dietSummaryFemaleNineToThirteen.swift */; };
		BD6AA89D2889C235005E6B40 /* dietMaleNineteenToThirty.swift in Sources */ = {isa = PBXBuildFile; fileRef = BD6AA89C2889C235005E6B40 /* dietMaleNineteenToThirty.swift */; };
		BD6AA89F2889C2C4005E6B40 /* dietSummaryMaleNineteenToThirty.swift in Sources */ = {isa = PBXBuildFile; fileRef = BD6AA89E2889C2C4005E6B40 /* dietSummaryMaleNineteenToThirty.swift */; };
		BD6AA8A12889C346005E6B40 /* dietMaleNineToThirteen.swift in Sources */ = {isa = PBXBuildFile; fileRef = BD6AA8A02889C346005E6B40 /* dietMaleNineToThirteen.swift */; };
		BD6AA8A32889C3B8005E6B40 /* dietSummaryMaleNineToThirteen.swift in Sources */ = {isa = PBXBuildFile; fileRef = BD6AA8A22889C3B8005E6B40 /* dietSummaryMaleNineToThirteen.swift */; };
		BD6AA8A52889C46C005E6B40 /* dietFemaleFourteenToEighteen.swift in Sources */ = {isa = PBXBuildFile; fileRef = BD6AA8A42889C46C005E6B40 /* dietFemaleFourteenToEighteen.swift */; };
		BD6AA8A72889C4BE005E6B40 /* dietSummaryFemaleFourteenToEighteen.swift in Sources */ = {isa = PBXBuildFile; fileRef = BD6AA8A62889C4BE005E6B40 /* dietSummaryFemaleFourteenToEighteen.swift */; };
		BD6AA8A92889C5D2005E6B40 /* dietFemaleNineteenToThirty.swift in Sources */ = {isa = PBXBuildFile; fileRef = BD6AA8A82889C5D2005E6B40 /* dietFemaleNineteenToThirty.swift */; };
		BD6AA8AB2889C643005E6B40 /* dietSummaryFemaleNineteenToThirty.swift in Sources */ = {isa = PBXBuildFile; fileRef = BD6AA8AA2889C643005E6B40 /* dietSummaryFemaleNineteenToThirty.swift */; };
		BD8D82B3288AF25300232544 /* SleepScrollView.swift in Sources */ = {isa = PBXBuildFile; fileRef = BD8D82B2288AF25300232544 /* SleepScrollView.swift */; };
		BD8D82B5288AF52000232544 /* ExercisePage.swift in Sources */ = {isa = PBXBuildFile; fileRef = BD8D82B4288AF52000232544 /* ExercisePage.swift */; };
		BDC7A7EE2889893200CA11BE /* Sunscreen.swift in Sources */ = {isa = PBXBuildFile; fileRef = BDC7A7ED2889893200CA11BE /* Sunscreen.swift */; };
/* End PBXBuildFile section */

/* Begin PBXFileReference section */
		BD31278E2887221A009988A8 /* SleepHome.swift */ = {isa = PBXFileReference; lastKnownFileType = sourcecode.swift; path = SleepHome.swift; sourceTree = "<group>"; };
		BD31279028872257009988A8 /* Diet.swift */ = {isa = PBXFileReference; lastKnownFileType = sourcecode.swift; path = Diet.swift; sourceTree = "<group>"; };
		BD312792288726CE009988A8 /* Sleep1.swift */ = {isa = PBXFileReference; lastKnownFileType = sourcecode.swift; path = Sleep1.swift; sourceTree = "<group>"; };
		BD31279428872B68009988A8 /* Sleep2.swift */ = {isa = PBXFileReference; lastKnownFileType = sourcecode.swift; path = Sleep2.swift; sourceTree = "<group>"; };
		BD31279628872B7F009988A8 /* Sleep3.swift */ = {isa = PBXFileReference; lastKnownFileType = sourcecode.swift; path = Sleep3.swift; sourceTree = "<group>"; };
		BD699EBE2885DFDC00F8181A /* YOUdemonia.app */ = {isa = PBXFileReference; explicitFileType = wrapper.application; includeInIndex = 0; path = YOUdemonia.app; sourceTree = BUILT_PRODUCTS_DIR; };
		BD699EC12885DFDC00F8181A /* AppDelegate.swift */ = {isa = PBXFileReference; lastKnownFileType = sourcecode.swift; path = AppDelegate.swift; sourceTree = "<group>"; };
		BD699EC32885DFDC00F8181A /* SceneDelegate.swift */ = {isa = PBXFileReference; lastKnownFileType = sourcecode.swift; path = SceneDelegate.swift; sourceTree = "<group>"; };
		BD699EC52885DFDC00F8181A /* HomePage.swift */ = {isa = PBXFileReference; lastKnownFileType = sourcecode.swift; path = HomePage.swift; sourceTree = "<group>"; };
		BD699EC82885DFDC00F8181A /* Base */ = {isa = PBXFileReference; lastKnownFileType = file.storyboard; name = Base; path = Base.lproj/Main.storyboard; sourceTree = "<group>"; };
		BD699ECB2885DFDC00F8181A /* YOUdemonia.xcdatamodel */ = {isa = PBXFileReference; lastKnownFileType = wrapper.xcdatamodel; path = YOUdemonia.xcdatamodel; sourceTree = "<group>"; };
		BD699ECD2885DFDE00F8181A /* Assets.xcassets */ = {isa = PBXFileReference; lastKnownFileType = folder.assetcatalog; path = Assets.xcassets; sourceTree = "<group>"; };
		BD699ED02885DFDE00F8181A /* Base */ = {isa = PBXFileReference; lastKnownFileType = file.storyboard; name = Base; path = Base.lproj/LaunchScreen.storyboard; sourceTree = "<group>"; };
		BD699ED22885DFDE00F8181A /* Info.plist */ = {isa = PBXFileReference; lastKnownFileType = text.plist.xml; path = Info.plist; sourceTree = "<group>"; };
		BD699ED82885E0B600F8181A /* Launch Screen.storyboard */ = {isa = PBXFileReference; lastKnownFileType = file.storyboard; path = "Launch Screen.storyboard"; sourceTree = "<group>"; };
		BD699EFE2887318100F8181A /* Diet2 Scene.swift */ = {isa = PBXFileReference; lastKnownFileType = sourcecode.swift; path = "Diet2 Scene.swift"; sourceTree = "<group>"; };
		BD6AA8922889AF72005E6B40 /* dietQuestionOne.swift */ = {isa = PBXFileReference; lastKnownFileType = sourcecode.swift; path = dietQuestionOne.swift; sourceTree = "<group>"; };
		BD6AA8942889BECB005E6B40 /* dietMaleAge.swift */ = {isa = PBXFileReference; lastKnownFileType = sourcecode.swift; name = dietMaleAge.swift; path = YOUdemonia/dietMaleAge.swift; sourceTree = "<group>"; };
		BD6AA8962889BF4B005E6B40 /* dietFemaleAge.swift */ = {isa = PBXFileReference; lastKnownFileType = sourcecode.swift; path = dietFemaleAge.swift; sourceTree = "<group>"; };
		BD6AA8982889C095005E6B40 /* dietFemaleNineToThirteen.swift */ = {isa = PBXFileReference; lastKnownFileType = sourcecode.swift; name = dietFemaleNineToThirteen.swift; path = YOUdemonia/dietFemaleNineToThirteen.swift; sourceTree = "<group>"; };
		BD6AA89A2889C161005E6B40 /* dietSummaryFemaleNineToThirteen.swift */ = {isa = PBXFileReference; lastKnownFileType = sourcecode.swift; name = dietSummaryFemaleNineToThirteen.swift; path = YOUdemonia/dietSummaryFemaleNineToThirteen.swift; sourceTree = "<group>"; };
		BD6AA89C2889C235005E6B40 /* dietMaleNineteenToThirty.swift */ = {isa = PBXFileReference; lastKnownFileType = sourcecode.swift; name = dietMaleNineteenToThirty.swift; path = YOUdemonia/dietMaleNineteenToThirty.swift; sourceTree = "<group>"; };
		BD6AA89E2889C2C4005E6B40 /* dietSummaryMaleNineteenToThirty.swift */ = {isa = PBXFileReference; lastKnownFileType = sourcecode.swift; name = dietSummaryMaleNineteenToThirty.swift; path = YOUdemonia/dietSummaryMaleNineteenToThirty.swift; sourceTree = "<group>"; };
		BD6AA8A02889C346005E6B40 /* dietMaleNineToThirteen.swift */ = {isa = PBXFileReference; lastKnownFileType = sourcecode.swift; path = dietMaleNineToThirteen.swift; sourceTree = "<group>"; };
		BD6AA8A22889C3B8005E6B40 /* dietSummaryMaleNineToThirteen.swift */ = {isa = PBXFileReference; lastKnownFileType = sourcecode.swift; name = dietSummaryMaleNineToThirteen.swift; path = YOUdemonia/dietSummaryMaleNineToThirteen.swift; sourceTree = "<group>"; };
		BD6AA8A42889C46C005E6B40 /* dietFemaleFourteenToEighteen.swift */ = {isa = PBXFileReference; lastKnownFileType = sourcecode.swift; name = dietFemaleFourteenToEighteen.swift; path = YOUdemonia/dietFemaleFourteenToEighteen.swift; sourceTree = "<group>"; };
		BD6AA8A62889C4BE005E6B40 /* dietSummaryFemaleFourteenToEighteen.swift */ = {isa = PBXFileReference; lastKnownFileType = sourcecode.swift; name = dietSummaryFemaleFourteenToEighteen.swift; path = YOUdemonia/dietSummaryFemaleFourteenToEighteen.swift; sourceTree = "<group>"; };
		BD6AA8A82889C5D2005E6B40 /* dietFemaleNineteenToThirty.swift */ = {isa = PBXFileReference; lastKnownFileType = sourcecode.swift; name = dietFemaleNineteenToThirty.swift; path = YOUdemonia/dietFemaleNineteenToThirty.swift; sourceTree = "<group>"; };
		BD6AA8AA2889C643005E6B40 /* dietSummaryFemaleNineteenToThirty.swift */ = {isa = PBXFileReference; lastKnownFileType = sourcecode.swift; path = dietSummaryFemaleNineteenToThirty.swift; sourceTree = "<group>"; };
		BD8D82B2288AF25300232544 /* SleepScrollView.swift */ = {isa = PBXFileReference; lastKnownFileType = sourcecode.swift; path = SleepScrollView.swift; sourceTree = "<group>"; };
		BD8D82B4288AF52000232544 /* ExercisePage.swift */ = {isa = PBXFileReference; lastKnownFileType = sourcecode.swift; path = ExercisePage.swift; sourceTree = "<group>"; };
		BDC7A7ED2889893200CA11BE /* Sunscreen.swift */ = {isa = PBXFileReference; lastKnownFileType = sourcecode.swift; path = Sunscreen.swift; sourceTree = "<group>"; };
/* End PBXFileReference section */

/* Begin PBXFrameworksBuildPhase section */
		BD699EBB2885DFDC00F8181A /* Frameworks */ = {
			isa = PBXFrameworksBuildPhase;
			buildActionMask = 2147483647;
			files = (
			);
			runOnlyForDeploymentPostprocessing = 0;
		};
/* End PBXFrameworksBuildPhase section */

/* Begin PBXGroup section */
		BD699EB52885DFDC00F8181A = {
			isa = PBXGroup;
			children = (
				BD8D82B4288AF52000232544 /* ExercisePage.swift */,
				BD6AA8A82889C5D2005E6B40 /* dietFemaleNineteenToThirty.swift */,
				BD6AA8A62889C4BE005E6B40 /* dietSummaryFemaleFourteenToEighteen.swift */,
				BD6AA8A42889C46C005E6B40 /* dietFemaleFourteenToEighteen.swift */,
				BD6AA8A22889C3B8005E6B40 /* dietSummaryMaleNineToThirteen.swift */,
				BD6AA89E2889C2C4005E6B40 /* dietSummaryMaleNineteenToThirty.swift */,
				BD6AA89C2889C235005E6B40 /* dietMaleNineteenToThirty.swift */,
				BD6AA89A2889C161005E6B40 /* dietSummaryFemaleNineToThirteen.swift */,
				BD6AA8982889C095005E6B40 /* dietFemaleNineToThirteen.swift */,
				BD6AA8962889BF4B005E6B40 /* dietFemaleAge.swift */,
				BD6AA8942889BECB005E6B40 /* dietMaleAge.swift */,
				BD6AA8922889AF72005E6B40 /* dietQuestionOne.swift */,
				BD699EC02885DFDC00F8181A /* YOUdemonia */,
				BD699EBF2885DFDC00F8181A /* Products */,
			);
			sourceTree = "<group>";
		};
		BD699EBF2885DFDC00F8181A /* Products */ = {
			isa = PBXGroup;
			children = (
				BD699EBE2885DFDC00F8181A /* YOUdemonia.app */,
			);
			name = Products;
			sourceTree = "<group>";
		};
		BD699EC02885DFDC00F8181A /* YOUdemonia */ = {
			isa = PBXGroup;
			children = (
				BD6AA8A02889C346005E6B40 /* dietMaleNineToThirteen.swift */,
				BD699EFE2887318100F8181A /* Diet2 Scene.swift */,
				BD699EC12885DFDC00F8181A /* AppDelegate.swift */,
				BD699EC32885DFDC00F8181A /* SceneDelegate.swift */,
				BD699EC72885DFDC00F8181A /* Main.storyboard */,
				BD8D82B2288AF25300232544 /* SleepScrollView.swift */,
				BD6AA8AA2889C643005E6B40 /* dietSummaryFemaleNineteenToThirty.swift */,
				BDC7A7ED2889893200CA11BE /* Sunscreen.swift */,
				BD699EC52885DFDC00F8181A /* HomePage.swift */,
				BD31279028872257009988A8 /* Diet.swift */,
				BD31278E2887221A009988A8 /* SleepHome.swift */,
				BD31279628872B7F009988A8 /* Sleep3.swift */,
				BD31279428872B68009988A8 /* Sleep2.swift */,
				BD312792288726CE009988A8 /* Sleep1.swift */,
				BD699ECF2885DFDE00F8181A /* LaunchScreen.storyboard */,
				BD699ED22885DFDE00F8181A /* Info.plist */,
				BD699ECA2885DFDC00F8181A /* YOUdemonia.xcdatamodeld */,
				BD699ED82885E0B600F8181A /* Launch Screen.storyboard */,
				BD699ECD2885DFDE00F8181A /* Assets.xcassets */,
			);
			path = YOUdemonia;
			sourceTree = "<group>";
		};
/* End PBXGroup section */

/* Begin PBXNativeTarget section */
		BD699EBD2885DFDC00F8181A /* YOUdemonia */ = {
			isa = PBXNativeTarget;
			buildConfigurationList = BD699ED52885DFDE00F8181A /* Build configuration list for PBXNativeTarget "YOUdemonia" */;
			buildPhases = (
				BD699EBA2885DFDC00F8181A /* Sources */,
				BD699EBB2885DFDC00F8181A /* Frameworks */,
				BD699EBC2885DFDC00F8181A /* Resources */,
			);
			buildRules = (
			);
			dependencies = (
			);
			name = YOUdemonia;
			productName = YOUdemonia;
			productReference = BD699EBE2885DFDC00F8181A /* YOUdemonia.app */;
			productType = "com.apple.product-type.application";
		};
/* End PBXNativeTarget section */

/* Begin PBXProject section */
		BD699EB62885DFDC00F8181A /* Project object */ = {
			isa = PBXProject;
			attributes = {
				BuildIndependentTargetsInParallel = 1;
				LastSwiftUpdateCheck = 1340;
				LastUpgradeCheck = 1340;
				TargetAttributes = {
					BD699EBD2885DFDC00F8181A = {
						CreatedOnToolsVersion = 13.4.1;
					};
				};
			};
			buildConfigurationList = BD699EB92885DFDC00F8181A /* Build configuration list for PBXProject "YOUdemonia" */;
			compatibilityVersion = "Xcode 13.0";
			developmentRegion = en;
			hasScannedForEncodings = 0;
			knownRegions = (
				en,
				Base,
			);
			mainGroup = BD699EB52885DFDC00F8181A;
			productRefGroup = BD699EBF2885DFDC00F8181A /* Products */;
			projectDirPath = "";
			projectRoot = "";
			targets = (
				BD699EBD2885DFDC00F8181A /* YOUdemonia */,
			);
		};
/* End PBXProject section */

/* Begin PBXResourcesBuildPhase section */
		BD699EBC2885DFDC00F8181A /* Resources */ = {
			isa = PBXResourcesBuildPhase;
			buildActionMask = 2147483647;
			files = (
				BD699ED12885DFDE00F8181A /* LaunchScreen.storyboard in Resources */,
				BD699ECE2885DFDE00F8181A /* Assets.xcassets in Resources */,
				BD699ED92885E0B600F8181A /* Launch Screen.storyboard in Resources */,
				BD699EC92885DFDC00F8181A /* Main.storyboard in Resources */,
			);
			runOnlyForDeploymentPostprocessing = 0;
		};
/* End PBXResourcesBuildPhase section */

/* Begin PBXSourcesBuildPhase section */
		BD699EBA2885DFDC00F8181A /* Sources */ = {
			isa = PBXSourcesBuildPhase;
			buildActionMask = 2147483647;
			files = (
				BD8D82B5288AF52000232544 /* ExercisePage.swift in Sources */,
				BD31279728872B7F009988A8 /* Sleep3.swift in Sources */,
				BD8D82B3288AF25300232544 /* SleepScrollView.swift in Sources */,
				BD6AA8A52889C46C005E6B40 /* dietFemaleFourteenToEighteen.swift in Sources */,
				BD699EC62885DFDC00F8181A /* HomePage.swift in Sources */,
				BD699ECC2885DFDC00F8181A /* YOUdemonia.xcdatamodeld in Sources */,
				BD31279528872B68009988A8 /* Sleep2.swift in Sources */,
				BD6AA8952889BECB005E6B40 /* dietMaleAge.swift in Sources */,
				BD6AA8A32889C3B8005E6B40 /* dietSummaryMaleNineToThirteen.swift in Sources */,
				BD6AA89D2889C235005E6B40 /* dietMaleNineteenToThirty.swift in Sources */,
				BD6AA89F2889C2C4005E6B40 /* dietSummaryMaleNineteenToThirty.swift in Sources */,
				BD6AA8932889AF72005E6B40 /* dietQuestionOne.swift in Sources */,
				BD6AA8992889C095005E6B40 /* dietFemaleNineToThirteen.swift in Sources */,
				BD312793288726CE009988A8 /* Sleep1.swift in Sources */,
				BD6AA8A72889C4BE005E6B40 /* dietSummaryFemaleFourteenToEighteen.swift in Sources */,
				BD6AA8AB2889C643005E6B40 /* dietSummaryFemaleNineteenToThirty.swift in Sources */,
				BD699EFF2887318100F8181A /* Diet2 Scene.swift in Sources */,
				BD6AA8A92889C5D2005E6B40 /* dietFemaleNineteenToThirty.swift in Sources */,
				BD699EC22885DFDC00F8181A /* AppDelegate.swift in Sources */,
				BD6AA8972889BF4B005E6B40 /* dietFemaleAge.swift in Sources */,
				BD6AA8A12889C346005E6B40 /* dietMaleNineToThirteen.swift in Sources */,
				BD31279128872257009988A8 /* Diet.swift in Sources */,
				BD31278F2887221A009988A8 /* SleepHome.swift in Sources */,
				BDC7A7EE2889893200CA11BE /* Sunscreen.swift in Sources */,
				BD6AA89B2889C161005E6B40 /* dietSummaryFemaleNineToThirteen.swift in Sources */,
				BD699EC42885DFDC00F8181A /* SceneDelegate.swift in Sources */,
			);
			runOnlyForDeploymentPostprocessing = 0;
		};
/* End PBXSourcesBuildPhase section */

/* Begin PBXVariantGroup section */
		BD699EC72885DFDC00F8181A /* Main.storyboard */ = {
			isa = PBXVariantGroup;
			children = (
				BD699EC82885DFDC00F8181A /* Base */,
			);
			name = Main.storyboard;
			sourceTree = "<group>";
		};
		BD699ECF2885DFDE00F8181A /* LaunchScreen.storyboard */ = {
			isa = PBXVariantGroup;
			children = (
				BD699ED02885DFDE00F8181A /* Base */,
			);
			name = LaunchScreen.storyboard;
			sourceTree = "<group>";
		};
/* End PBXVariantGroup section */

/* Begin XCBuildConfiguration section */
		BD699ED32885DFDE00F8181A /* Debug */ = {
			isa = XCBuildConfiguration;
			buildSettings = {
				ALWAYS_SEARCH_USER_PATHS = NO;
				CLANG_ANALYZER_NONNULL = YES;
				CLANG_ANALYZER_NUMBER_OBJECT_CONVERSION = YES_AGGRESSIVE;
				CLANG_CXX_LANGUAGE_STANDARD = "gnu++17";
				CLANG_ENABLE_MODULES = YES;
				CLANG_ENABLE_OBJC_ARC = YES;
				CLANG_ENABLE_OBJC_WEAK = YES;
				CLANG_WARN_BLOCK_CAPTURE_AUTORELEASING = YES;
				CLANG_WARN_BOOL_CONVERSION = YES;
				CLANG_WARN_COMMA = YES;
				CLANG_WARN_CONSTANT_CONVERSION = YES;
				CLANG_WARN_DEPRECATED_OBJC_IMPLEMENTATIONS = YES;
				CLANG_WARN_DIRECT_OBJC_ISA_USAGE = YES_ERROR;
				CLANG_WARN_DOCUMENTATION_COMMENTS = YES;
				CLANG_WARN_EMPTY_BODY = YES;
				CLANG_WARN_ENUM_CONVERSION = YES;
				CLANG_WARN_INFINITE_RECURSION = YES;
				CLANG_WARN_INT_CONVERSION = YES;
				CLANG_WARN_NON_LITERAL_NULL_CONVERSION = YES;
				CLANG_WARN_OBJC_IMPLICIT_RETAIN_SELF = YES;
				CLANG_WARN_OBJC_LITERAL_CONVERSION = YES;
				CLANG_WARN_OBJC_ROOT_CLASS = YES_ERROR;
				CLANG_WARN_QUOTED_INCLUDE_IN_FRAMEWORK_HEADER = YES;
				CLANG_WARN_RANGE_LOOP_ANALYSIS = YES;
				CLANG_WARN_STRICT_PROTOTYPES = YES;
				CLANG_WARN_SUSPICIOUS_MOVE = YES;
				CLANG_WARN_UNGUARDED_AVAILABILITY = YES_AGGRESSIVE;
				CLANG_WARN_UNREACHABLE_CODE = YES;
				CLANG_WARN__DUPLICATE_METHOD_MATCH = YES;
				COPY_PHASE_STRIP = NO;
				DEBUG_INFORMATION_FORMAT = dwarf;
				ENABLE_STRICT_OBJC_MSGSEND = YES;
				ENABLE_TESTABILITY = YES;
				GCC_C_LANGUAGE_STANDARD = gnu11;
				GCC_DYNAMIC_NO_PIC = NO;
				GCC_NO_COMMON_BLOCKS = YES;
				GCC_OPTIMIZATION_LEVEL = 0;
				GCC_PREPROCESSOR_DEFINITIONS = (
					"DEBUG=1",
					"$(inherited)",
				);
				GCC_WARN_64_TO_32_BIT_CONVERSION = YES;
				GCC_WARN_ABOUT_RETURN_TYPE = YES_ERROR;
				GCC_WARN_UNDECLARED_SELECTOR = YES;
				GCC_WARN_UNINITIALIZED_AUTOS = YES_AGGRESSIVE;
				GCC_WARN_UNUSED_FUNCTION = YES;
				GCC_WARN_UNUSED_VARIABLE = YES;
				IPHONEOS_DEPLOYMENT_TARGET = 15.5;
				MTL_ENABLE_DEBUG_INFO = INCLUDE_SOURCE;
				MTL_FAST_MATH = YES;
				ONLY_ACTIVE_ARCH = YES;
				SDKROOT = iphoneos;
				SWIFT_ACTIVE_COMPILATION_CONDITIONS = DEBUG;
				SWIFT_OPTIMIZATION_LEVEL = "-Onone";
			};
			name = Debug;
		};
		BD699ED42885DFDE00F8181A /* Release */ = {
			isa = XCBuildConfiguration;
			buildSettings = {
				ALWAYS_SEARCH_USER_PATHS = NO;
				CLANG_ANALYZER_NONNULL = YES;
				CLANG_ANALYZER_NUMBER_OBJECT_CONVERSION = YES_AGGRESSIVE;
				CLANG_CXX_LANGUAGE_STANDARD = "gnu++17";
				CLANG_ENABLE_MODULES = YES;
				CLANG_ENABLE_OBJC_ARC = YES;
				CLANG_ENABLE_OBJC_WEAK = YES;
				CLANG_WARN_BLOCK_CAPTURE_AUTORELEASING = YES;
				CLANG_WARN_BOOL_CONVERSION = YES;
				CLANG_WARN_COMMA = YES;
				CLANG_WARN_CONSTANT_CONVERSION = YES;
				CLANG_WARN_DEPRECATED_OBJC_IMPLEMENTATIONS = YES;
				CLANG_WARN_DIRECT_OBJC_ISA_USAGE = YES_ERROR;
				CLANG_WARN_DOCUMENTATION_COMMENTS = YES;
				CLANG_WARN_EMPTY_BODY = YES;
				CLANG_WARN_ENUM_CONVERSION = YES;
				CLANG_WARN_INFINITE_RECURSION = YES;
				CLANG_WARN_INT_CONVERSION = YES;
				CLANG_WARN_NON_LITERAL_NULL_CONVERSION = YES;
				CLANG_WARN_OBJC_IMPLICIT_RETAIN_SELF = YES;
				CLANG_WARN_OBJC_LITERAL_CONVERSION = YES;
				CLANG_WARN_OBJC_ROOT_CLASS = YES_ERROR;
				CLANG_WARN_QUOTED_INCLUDE_IN_FRAMEWORK_HEADER = YES;
				CLANG_WARN_RANGE_LOOP_ANALYSIS = YES;
				CLANG_WARN_STRICT_PROTOTYPES = YES;
				CLANG_WARN_SUSPICIOUS_MOVE = YES;
				CLANG_WARN_UNGUARDED_AVAILABILITY = YES_AGGRESSIVE;
				CLANG_WARN_UNREACHABLE_CODE = YES;
				CLANG_WARN__DUPLICATE_METHOD_MATCH = YES;
				COPY_PHASE_STRIP = NO;
				DEBUG_INFORMATION_FORMAT = "dwarf-with-dsym";
				ENABLE_NS_ASSERTIONS = NO;
				ENABLE_STRICT_OBJC_MSGSEND = YES;
				GCC_C_LANGUAGE_STANDARD = gnu11;
				GCC_NO_COMMON_BLOCKS = YES;
				GCC_WARN_64_TO_32_BIT_CONVERSION = YES;
				GCC_WARN_ABOUT_RETURN_TYPE = YES_ERROR;
				GCC_WARN_UNDECLARED_SELECTOR = YES;
				GCC_WARN_UNINITIALIZED_AUTOS = YES_AGGRESSIVE;
				GCC_WARN_UNUSED_FUNCTION = YES;
				GCC_WARN_UNUSED_VARIABLE = YES;
				IPHONEOS_DEPLOYMENT_TARGET = 15.5;
				MTL_ENABLE_DEBUG_INFO = NO;
				MTL_FAST_MATH = YES;
				SDKROOT = iphoneos;
				SWIFT_COMPILATION_MODE = wholemodule;
				SWIFT_OPTIMIZATION_LEVEL = "-O";
				VALIDATE_PRODUCT = YES;
			};
			name = Release;
		};
		BD699ED62885DFDE00F8181A /* Debug */ = {
			isa = XCBuildConfiguration;
			buildSettings = {
				ASSETCATALOG_COMPILER_APPICON_NAME = AppIcon;
				ASSETCATALOG_COMPILER_GLOBAL_ACCENT_COLOR_NAME = AccentColor;
				CODE_SIGN_STYLE = Automatic;
				CURRENT_PROJECT_VERSION = 1;
				GENERATE_INFOPLIST_FILE = YES;
				INFOPLIST_FILE = YOUdemonia/Info.plist;
				INFOPLIST_KEY_CFBundleDisplayName = "";
				INFOPLIST_KEY_LSApplicationCategoryType = "";
				INFOPLIST_KEY_UIApplicationSupportsIndirectInputEvents = YES;
				INFOPLIST_KEY_UILaunchStoryboardName = "Launch Screen";
				INFOPLIST_KEY_UIMainStoryboardFile = Main;
				INFOPLIST_KEY_UISupportedInterfaceOrientations_iPad = "UIInterfaceOrientationPortrait UIInterfaceOrientationPortraitUpsideDown UIInterfaceOrientationLandscapeLeft UIInterfaceOrientationLandscapeRight";
				INFOPLIST_KEY_UISupportedInterfaceOrientations_iPhone = "UIInterfaceOrientationPortrait UIInterfaceOrientationLandscapeLeft UIInterfaceOrientationLandscapeRight";
				LD_RUNPATH_SEARCH_PATHS = (
					"$(inherited)",
					"@executable_path/Frameworks",
				);
				MARKETING_VERSION = 1.0;
				PRODUCT_BUNDLE_IDENTIFIER = kwk.YOUdemonia;
				PRODUCT_NAME = "$(TARGET_NAME)";
				SWIFT_EMIT_LOC_STRINGS = YES;
				SWIFT_VERSION = 5.0;
				TARGETED_DEVICE_FAMILY = 1;
			};
			name = Debug;
		};
		BD699ED72885DFDE00F8181A /* Release */ = {
			isa = XCBuildConfiguration;
			buildSettings = {
				ASSETCATALOG_COMPILER_APPICON_NAME = AppIcon;
				ASSETCATALOG_COMPILER_GLOBAL_ACCENT_COLOR_NAME = AccentColor;
				CODE_SIGN_STYLE = Automatic;
				CURRENT_PROJECT_VERSION = 1;
				GENERATE_INFOPLIST_FILE = YES;
				INFOPLIST_FILE = YOUdemonia/Info.plist;
				INFOPLIST_KEY_CFBundleDisplayName = "";
				INFOPLIST_KEY_LSApplicationCategoryType = "";
				INFOPLIST_KEY_UIApplicationSupportsIndirectInputEvents = YES;
				INFOPLIST_KEY_UILaunchStoryboardName = "Launch Screen";
				INFOPLIST_KEY_UIMainStoryboardFile = Main;
				INFOPLIST_KEY_UISupportedInterfaceOrientations_iPad = "UIInterfaceOrientationPortrait UIInterfaceOrientationPortraitUpsideDown UIInterfaceOrientationLandscapeLeft UIInterfaceOrientationLandscapeRight";
				INFOPLIST_KEY_UISupportedInterfaceOrientations_iPhone = "UIInterfaceOrientationPortrait UIInterfaceOrientationLandscapeLeft UIInterfaceOrientationLandscapeRight";
				LD_RUNPATH_SEARCH_PATHS = (
					"$(inherited)",
					"@executable_path/Frameworks",
				);
				MARKETING_VERSION = 1.0;
				PRODUCT_BUNDLE_IDENTIFIER = kwk.YOUdemonia;
				PRODUCT_NAME = "$(TARGET_NAME)";
				SWIFT_EMIT_LOC_STRINGS = YES;
				SWIFT_VERSION = 5.0;
				TARGETED_DEVICE_FAMILY = 1;
			};
			name = Release;
		};
/* End XCBuildConfiguration section */

/* Begin XCConfigurationList section */
		BD699EB92885DFDC00F8181A /* Build configuration list for PBXProject "YOUdemonia" */ = {
			isa = XCConfigurationList;
			buildConfigurations = (
				BD699ED32885DFDE00F8181A /* Debug */,
				BD699ED42885DFDE00F8181A /* Release */,
			);
			defaultConfigurationIsVisible = 0;
			defaultConfigurationName = Release;
		};
		BD699ED52885DFDE00F8181A /* Build configuration list for PBXNativeTarget "YOUdemonia" */ = {
			isa = XCConfigurationList;
			buildConfigurations = (
				BD699ED62885DFDE00F8181A /* Debug */,
				BD699ED72885DFDE00F8181A /* Release */,
			);
			defaultConfigurationIsVisible = 0;
			defaultConfigurationName = Release;
		};
/* End XCConfigurationList section */

/* Begin XCVersionGroup section */
		BD699ECA2885DFDC00F8181A /* YOUdemonia.xcdatamodeld */ = {
			isa = XCVersionGroup;
			children = (
				BD699ECB2885DFDC00F8181A /* YOUdemonia.xcdatamodel */,
			);
			currentVersion = BD699ECB2885DFDC00F8181A /* YOUdemonia.xcdatamodel */;
			path = YOUdemonia.xcdatamodeld;
			sourceTree = "<group>";
			versionGroupType = wrapper.xcdatamodel;
		};
/* End XCVersionGroup section */
	};
	rootObject = BD699EB62885DFDC00F8181A /* Project object */;
}
